
Microsoft Visual Studio Solution File, Format Version 12.00
# Visual Studio Version 17
VisualStudioVersion = 17.0.32126.317
MinimumVisualStudioVersion = 10.0.40219.1
Project("{FAE04EC0-301F-11D3-BF4B-00C04F79EFBC}") = "Basic_form", "Basic_form\Basic_form.csproj", "{38D60869-5053-4BEC-8685-29D522C18DBF}"
EndProject
Global
	GlobalSection(SolutionConfigurationPlatforms) = preSolution
		Debug|Any CPU = Debug|Any CPU
		Release|Any CPU = Release|Any CPU
	EndGlobalSection
	GlobalSection(ProjectConfigurationPlatforms) = postSolution
		{38D60869-5053-4BEC-8685-29D522C18DBF}.Debug|Any CPU.ActiveCfg = Debug|Any CPU
		{38D60869-5053-4BEC-8685-29D522C18DBF}.Debug|Any CPU.Build.0 = Debug|Any CPU
		{38D60869-5053-4BEC-8685-29D522C18DBF}.Release|Any CPU.ActiveCfg = Release|Any CPU
		{38D60869-5053-4BEC-8685-29D522C18DBF}.Release|Any CPU.Build.0 = Release|Any CPU
	EndGlobalSection
	GlobalSection(SolutionProperties) = preSolution
		HideSolutionNode = FALSE
	EndGlobalSection
	GlobalSection(ExtensibilityGlobals) = postSolution
		SolutionGuid = {24BA055F-D526-420B-951E-AEE02F00CCE8}
	EndGlobalSection
EndGlobal
