
Microsoft Visual Studio Solution File, Format Version 12.00
# Visual Studio Version 17
VisualStudioVersion = 17.0.32126.317
MinimumVisualStudioVersion = 10.0.40219.1
Project("{FAE04EC0-301F-11D3-BF4B-00C04F79EFBC}") = "Database__form", "Database__form\Database__form.csproj", "{91C0F469-9C3C-4DB2-9D5B-CA847F25B22E}"
EndProject
Global
	GlobalSection(SolutionConfigurationPlatforms) = preSolution
		Debug|Any CPU = Debug|Any CPU
		Release|Any CPU = Release|Any CPU
	EndGlobalSection
	GlobalSection(ProjectConfigurationPlatforms) = postSolution
		{91C0F469-9C3C-4DB2-9D5B-CA847F25B22E}.Debug|Any CPU.ActiveCfg = Debug|Any CPU
		{91C0F469-9C3C-4DB2-9D5B-CA847F25B22E}.Debug|Any CPU.Build.0 = Debug|Any CPU
		{91C0F469-9C3C-4DB2-9D5B-CA847F25B22E}.Release|Any CPU.ActiveCfg = Release|Any CPU
		{91C0F469-9C3C-4DB2-9D5B-CA847F25B22E}.Release|Any CPU.Build.0 = Release|Any CPU
	EndGlobalSection
	GlobalSection(SolutionProperties) = preSolution
		HideSolutionNode = FALSE
	EndGlobalSection
	GlobalSection(ExtensibilityGlobals) = postSolution
		SolutionGuid = {2AE7EB1E-B867-43B9-BBDF-859C540F8D3B}
	EndGlobalSection
EndGlobal
