
Microsoft Visual Studio Solution File, Format Version 12.00
# Visual Studio Version 17
VisualStudioVersion = 17.0.32126.317
MinimumVisualStudioVersion = 10.0.40219.1
Project("{FAE04EC0-301F-11D3-BF4B-00C04F79EFBC}") = "getset", "getset\getset.csproj", "{FA51D8CF-E773-4FE3-AF66-B6D7113F59D1}"
EndProject
Global
	GlobalSection(SolutionConfigurationPlatforms) = preSolution
		Debug|Any CPU = Debug|Any CPU
		Release|Any CPU = Release|Any CPU
	EndGlobalSection
	GlobalSection(ProjectConfigurationPlatforms) = postSolution
		{FA51D8CF-E773-4FE3-AF66-B6D7113F59D1}.Debug|Any CPU.ActiveCfg = Debug|Any CPU
		{FA51D8CF-E773-4FE3-AF66-B6D7113F59D1}.Debug|Any CPU.Build.0 = Debug|Any CPU
		{FA51D8CF-E773-4FE3-AF66-B6D7113F59D1}.Release|Any CPU.ActiveCfg = Release|Any CPU
		{FA51D8CF-E773-4FE3-AF66-B6D7113F59D1}.Release|Any CPU.Build.0 = Release|Any CPU
	EndGlobalSection
	GlobalSection(SolutionProperties) = preSolution
		HideSolutionNode = FALSE
	EndGlobalSection
	GlobalSection(ExtensibilityGlobals) = postSolution
		SolutionGuid = {BD67D612-2B56-44A3-BF49-DC82025F1332}
	EndGlobalSection
EndGlobal
