
Microsoft Visual Studio Solution File, Format Version 12.00
# Visual Studio Version 17
VisualStudioVersion = 17.0.32126.317
MinimumVisualStudioVersion = 10.0.40219.1
Project("{FAE04EC0-301F-11D3-BF4B-00C04F79EFBC}") = "interface2", "interface2\interface2.csproj", "{F7287A94-1309-4FE0-B811-CE72CC07C8EB}"
EndProject
Global
	GlobalSection(SolutionConfigurationPlatforms) = preSolution
		Debug|Any CPU = Debug|Any CPU
		Release|Any CPU = Release|Any CPU
	EndGlobalSection
	GlobalSection(ProjectConfigurationPlatforms) = postSolution
		{F7287A94-1309-4FE0-B811-CE72CC07C8EB}.Debug|Any CPU.ActiveCfg = Debug|Any CPU
		{F7287A94-1309-4FE0-B811-CE72CC07C8EB}.Debug|Any CPU.Build.0 = Debug|Any CPU
		{F7287A94-1309-4FE0-B811-CE72CC07C8EB}.Release|Any CPU.ActiveCfg = Release|Any CPU
		{F7287A94-1309-4FE0-B811-CE72CC07C8EB}.Release|Any CPU.Build.0 = Release|Any CPU
	EndGlobalSection
	GlobalSection(SolutionProperties) = preSolution
		HideSolutionNode = FALSE
	EndGlobalSection
	GlobalSection(ExtensibilityGlobals) = postSolution
		SolutionGuid = {951E45B8-39DD-41C6-BBF3-CE71A7CA2573}
	EndGlobalSection
EndGlobal
