
Microsoft Visual Studio Solution File, Format Version 12.00
# Visual Studio Version 17
VisualStudioVersion = 17.0.32126.317
MinimumVisualStudioVersion = 10.0.40219.1
Project("{FAE04EC0-301F-11D3-BF4B-00C04F79EFBC}") = "Project_exercise", "Project_exercise\Project_exercise.csproj", "{9BB285FB-44B1-4724-8ADA-40A6B191EF52}"
EndProject
Global
	GlobalSection(SolutionConfigurationPlatforms) = preSolution
		Debug|Any CPU = Debug|Any CPU
		Release|Any CPU = Release|Any CPU
	EndGlobalSection
	GlobalSection(ProjectConfigurationPlatforms) = postSolution
		{9BB285FB-44B1-4724-8ADA-40A6B191EF52}.Debug|Any CPU.ActiveCfg = Debug|Any CPU
		{9BB285FB-44B1-4724-8ADA-40A6B191EF52}.Debug|Any CPU.Build.0 = Debug|Any CPU
		{9BB285FB-44B1-4724-8ADA-40A6B191EF52}.Release|Any CPU.ActiveCfg = Release|Any CPU
		{9BB285FB-44B1-4724-8ADA-40A6B191EF52}.Release|Any CPU.Build.0 = Release|Any CPU
	EndGlobalSection
	GlobalSection(SolutionProperties) = preSolution
		HideSolutionNode = FALSE
	EndGlobalSection
	GlobalSection(ExtensibilityGlobals) = postSolution
		SolutionGuid = {7BAC2F00-C73C-40DD-A856-70F6C3552475}
	EndGlobalSection
EndGlobal
