
Microsoft Visual Studio Solution File, Format Version 12.00
# Visual Studio Version 17
VisualStudioVersion = 17.0.32126.317
MinimumVisualStudioVersion = 10.0.40219.1
Project("{FAE04EC0-301F-11D3-BF4B-00C04F79EFBC}") = "Stack_Exercise", "Stack_Exercise\Stack_Exercise.csproj", "{AE147210-E12F-4436-89ED-EA7FD3607398}"
EndProject
Global
	GlobalSection(SolutionConfigurationPlatforms) = preSolution
		Debug|Any CPU = Debug|Any CPU
		Release|Any CPU = Release|Any CPU
	EndGlobalSection
	GlobalSection(ProjectConfigurationPlatforms) = postSolution
		{AE147210-E12F-4436-89ED-EA7FD3607398}.Debug|Any CPU.ActiveCfg = Debug|Any CPU
		{AE147210-E12F-4436-89ED-EA7FD3607398}.Debug|Any CPU.Build.0 = Debug|Any CPU
		{AE147210-E12F-4436-89ED-EA7FD3607398}.Release|Any CPU.ActiveCfg = Release|Any CPU
		{AE147210-E12F-4436-89ED-EA7FD3607398}.Release|Any CPU.Build.0 = Release|Any CPU
	EndGlobalSection
	GlobalSection(SolutionProperties) = preSolution
		HideSolutionNode = FALSE
	EndGlobalSection
	GlobalSection(ExtensibilityGlobals) = postSolution
		SolutionGuid = {189A8986-0D76-4AFB-AFC9-2E3A1968DAE9}
	EndGlobalSection
EndGlobal
